
Microsoft Visual Studio Solution File, Format Version 12.00
# Visual Studio Version 17
VisualStudioVersion = 17.9.34622.214
MinimumVisualStudioVersion = 10.0.40219.1
Project("{9A19103F-16F7-4668-BE54-9A1E7A4F7556}") = "BlazorBasicsServer", "BlazorBasicsServer\BlazorBasicsServer.csproj", "{A953186D-BB1C-4F9D-9DB1-EA7BD7E53B60}"
EndProject
Project("{9A19103F-16F7-4668-BE54-9A1E7A4F7556}") = "BlazorBasicsWASM", "BlazorBasicsWASM\BlazorBasicsWASM.csproj", "{247143B2-04E3-4430-8F17-646B94C51DEE}"
EndProject
Project("{9A19103F-16F7-4668-BE54-9A1E7A4F7556}") = "BlazorBasicsServerForms", "BlazorBasicsServerForms\BlazorBasicsServerForms.csproj", "{E19408DB-A263-497E-82E3-73C9D28D6BD0}"
EndProject
Project("{FAE04EC0-301F-11D3-BF4B-00C04F79EFBC}") = "BlazorBasicsServerAuthentication", "BlazorBasicsServerAuthentication\BlazorBasicsServerAuthentication.csproj", "{2D59055B-F0F0-42A4-9848-5CEF71FD3CE4}"
EndProject
Global
	GlobalSection(SolutionConfigurationPlatforms) = preSolution
		Debug|Any CPU = Debug|Any CPU
		Release|Any CPU = Release|Any CPU
	EndGlobalSection
	GlobalSection(ProjectConfigurationPlatforms) = postSolution
		{A953186D-BB1C-4F9D-9DB1-EA7BD7E53B60}.Debug|Any CPU.ActiveCfg = Debug|Any CPU
		{A953186D-BB1C-4F9D-9DB1-EA7BD7E53B60}.Debug|Any CPU.Build.0 = Debug|Any CPU
		{A953186D-BB1C-4F9D-9DB1-EA7BD7E53B60}.Release|Any CPU.ActiveCfg = Release|Any CPU
		{A953186D-BB1C-4F9D-9DB1-EA7BD7E53B60}.Release|Any CPU.Build.0 = Release|Any CPU
		{247143B2-04E3-4430-8F17-646B94C51DEE}.Debug|Any CPU.ActiveCfg = Debug|Any CPU
		{247143B2-04E3-4430-8F17-646B94C51DEE}.Debug|Any CPU.Build.0 = Debug|Any CPU
		{247143B2-04E3-4430-8F17-646B94C51DEE}.Release|Any CPU.ActiveCfg = Release|Any CPU
		{247143B2-04E3-4430-8F17-646B94C51DEE}.Release|Any CPU.Build.0 = Release|Any CPU
		{E19408DB-A263-497E-82E3-73C9D28D6BD0}.Debug|Any CPU.ActiveCfg = Debug|Any CPU
		{E19408DB-A263-497E-82E3-73C9D28D6BD0}.Debug|Any CPU.Build.0 = Debug|Any CPU
		{E19408DB-A263-497E-82E3-73C9D28D6BD0}.Release|Any CPU.ActiveCfg = Release|Any CPU
		{E19408DB-A263-497E-82E3-73C9D28D6BD0}.Release|Any CPU.Build.0 = Release|Any CPU
		{2D59055B-F0F0-42A4-9848-5CEF71FD3CE4}.Debug|Any CPU.ActiveCfg = Debug|Any CPU
		{2D59055B-F0F0-42A4-9848-5CEF71FD3CE4}.Debug|Any CPU.Build.0 = Debug|Any CPU
		{2D59055B-F0F0-42A4-9848-5CEF71FD3CE4}.Release|Any CPU.ActiveCfg = Release|Any CPU
		{2D59055B-F0F0-42A4-9848-5CEF71FD3CE4}.Release|Any CPU.Build.0 = Release|Any CPU
	EndGlobalSection
	GlobalSection(SolutionProperties) = preSolution
		HideSolutionNode = FALSE
	EndGlobalSection
	GlobalSection(ExtensibilityGlobals) = postSolution
		SolutionGuid = {BDF706B4-A6DC-44C2-AA9B-09C3211390B8}
	EndGlobalSection
EndGlobal
